// !$*UTF8*$!
{
	archiveVersion = 1;
	classes = {
	};
	objectVersion = 50;
	objects = {

/* Begin PBXBuildFile section */
		2441DED180CBB75D4CDF0FAE /* Pods_Australian_Citizenship_Test.framework in Frameworks */ = {isa = PBXBuildFile; fileRef = C694410F6BA093F75452EDBA /* Pods_Australian_Citizenship_Test.framework */; };
		95051FC722D20F89007755BE /* Status.swift in Sources */ = {isa = PBXBuildFile; fileRef = 95051FC622D20F89007755BE /* Status.swift */; };
		9505ECB722819AD00065B2A3 /* AppDelegate.swift in Sources */ = {isa = PBXBuildFile; fileRef = 9505ECB622819AD00065B2A3 /* AppDelegate.swift */; };
		9505ECB922819AD00065B2A3 /* MainVC.swift in Sources */ = {isa = PBXBuildFile; fileRef = 9505ECB822819AD00065B2A3 /* MainVC.swift */; };
		9505ECBC22819AD00065B2A3 /* Main.storyboard in Resources */ = {isa = PBXBuildFile; fileRef = 9505ECBA22819AD00065B2A3 /* Main.storyboard */; };
		9505ECBF22819AD00065B2A3 /* Australian_Citizenship_Test.xcdatamodeld in Sources */ = {isa = PBXBuildFile; fileRef = 9505ECBD22819AD00065B2A3 /* Australian_Citizenship_Test.xcdatamodeld */; };
		9505ECC122819AD20065B2A3 /* Assets.xcassets in Resources */ = {isa = PBXBuildFile; fileRef = 9505ECC022819AD20065B2A3 /* Assets.xcassets */; };
		9505ECC422819AD20065B2A3 /* LaunchScreen.storyboard in Resources */ = {isa = PBXBuildFile; fileRef = 9505ECC222819AD20065B2A3 /* LaunchScreen.storyboard */; };
		9505ECCF22819DA10065B2A3 /* ExamVC.swift in Sources */ = {isa = PBXBuildFile; fileRef = 9505ECCE22819DA10065B2A3 /* ExamVC.swift */; };
		9518E08A22F83E2700C62326 /* act.realm in Resources */ = {isa = PBXBuildFile; fileRef = 9518E08922F83E2600C62326 /* act.realm */; };
		952B431A22E43C4500AEDB23 /* CircularProgressView.swift in Sources */ = {isa = PBXBuildFile; fileRef = 952B431922E43C4500AEDB23 /* CircularProgressView.swift */; };
		953E802622A2BAEB00C7B2B1 /* Score.swift in Sources */ = {isa = PBXBuildFile; fileRef = 953E802522A2BAEB00C7B2B1 /* Score.swift */; };
		95AAC21C2286D48200FD39B2 /* ExamBank.swift in Sources */ = {isa = PBXBuildFile; fileRef = 95AAC21B2286D48200FD39B2 /* ExamBank.swift */; };
/* End PBXBuildFile section */

/* Begin PBXFileReference section */
		087B02F4062A769BBF01AB31 /* Pods-Australian Citizenship Test.release.xcconfig */ = {isa = PBXFileReference; includeInIndex = 1; lastKnownFileType = text.xcconfig; name = "Pods-Australian Citizenship Test.release.xcconfig"; path = "Target Support Files/Pods-Australian Citizenship Test/Pods-Australian Citizenship Test.release.xcconfig"; sourceTree = "<group>"; };
		7E345E3D222D7D8302D07C26 /* Pods-Australian Citizenship Test.debug.xcconfig */ = {isa = PBXFileReference; includeInIndex = 1; lastKnownFileType = text.xcconfig; name = "Pods-Australian Citizenship Test.debug.xcconfig"; path = "Target Support Files/Pods-Australian Citizenship Test/Pods-Australian Citizenship Test.debug.xcconfig"; sourceTree = "<group>"; };
		95051FC622D20F89007755BE /* Status.swift */ = {isa = PBXFileReference; lastKnownFileType = sourcecode.swift; path = Status.swift; sourceTree = "<group>"; };
		9505ECB322819AD00065B2A3 /* Australian Citizenship Test.app */ = {isa = PBXFileReference; explicitFileType = wrapper.application; includeInIndex = 0; path = "Australian Citizenship Test.app"; sourceTree = BUILT_PRODUCTS_DIR; };
		9505ECB622819AD00065B2A3 /* AppDelegate.swift */ = {isa = PBXFileReference; lastKnownFileType = sourcecode.swift; path = AppDelegate.swift; sourceTree = "<group>"; };
		9505ECB822819AD00065B2A3 /* MainVC.swift */ = {isa = PBXFileReference; lastKnownFileType = sourcecode.swift; path = MainVC.swift; sourceTree = "<group>"; };
		9505ECBB22819AD00065B2A3 /* Base */ = {isa = PBXFileReference; lastKnownFileType = file.storyboard; name = Base; path = Base.lproj/Main.storyboard; sourceTree = "<group>"; };
		9505ECBE22819AD00065B2A3 /* Australian_Citizenship_Test.xcdatamodel */ = {isa = PBXFileReference; lastKnownFileType = wrapper.xcdatamodel; path = Australian_Citizenship_Test.xcdatamodel; sourceTree = "<group>"; };
		9505ECC022819AD20065B2A3 /* Assets.xcassets */ = {isa = PBXFileReference; lastKnownFileType = folder.assetcatalog; path = Assets.xcassets; sourceTree = "<group>"; };
		9505ECC322819AD20065B2A3 /* Base */ = {isa = PBXFileReference; lastKnownFileType = file.storyboard; name = Base; path = Base.lproj/LaunchScreen.storyboard; sourceTree = "<group>"; };
		9505ECC522819AD20065B2A3 /* Info.plist */ = {isa = PBXFileReference; lastKnownFileType = text.plist.xml; path = Info.plist; sourceTree = "<group>"; };
		9505ECCE22819DA10065B2A3 /* ExamVC.swift */ = {isa = PBXFileReference; lastKnownFileType = sourcecode.swift; path = ExamVC.swift; sourceTree = "<group>"; };
		9518E08922F83E2600C62326 /* act.realm */ = {isa = PBXFileReference; lastKnownFileType = file; path = act.realm; sourceTree = "<group>"; };
		952B431922E43C4500AEDB23 /* CircularProgressView.swift */ = {isa = PBXFileReference; lastKnownFileType = sourcecode.swift; path = CircularProgressView.swift; sourceTree = "<group>"; };
		953E802522A2BAEB00C7B2B1 /* Score.swift */ = {isa = PBXFileReference; lastKnownFileType = sourcecode.swift; path = Score.swift; sourceTree = "<group>"; };
		95AAC21B2286D48200FD39B2 /* ExamBank.swift */ = {isa = PBXFileReference; lastKnownFileType = sourcecode.swift; path = ExamBank.swift; sourceTree = "<group>"; };
		C694410F6BA093F75452EDBA /* Pods_Australian_Citizenship_Test.framework */ = {isa = PBXFileReference; explicitFileType = wrapper.framework; includeInIndex = 0; path = Pods_Australian_Citizenship_Test.framework; sourceTree = BUILT_PRODUCTS_DIR; };
/* End PBXFileReference section */

/* Begin PBXFrameworksBuildPhase section */
		9505ECB022819AD00065B2A3 /* Frameworks */ = {
			isa = PBXFrameworksBuildPhase;
			buildActionMask = 2147483647;
			files = (
				2441DED180CBB75D4CDF0FAE /* Pods_Australian_Citizenship_Test.framework in Frameworks */,
			);
			runOnlyForDeploymentPostprocessing = 0;
		};
/* End PBXFrameworksBuildPhase section */

/* Begin PBXGroup section */
		9505ECAA22819AD00065B2A3 = {
			isa = PBXGroup;
			children = (
				9505ECB522819AD00065B2A3 /* Australian Citizenship Test */,
				9505ECB422819AD00065B2A3 /* Products */,
				BFA2895EBC718FBFECE2C7B9 /* Pods */,
				CE46102A4E4E042AC4049775 /* Frameworks */,
			);
			sourceTree = "<group>";
		};
		9505ECB422819AD00065B2A3 /* Products */ = {
			isa = PBXGroup;
			children = (
				9505ECB322819AD00065B2A3 /* Australian Citizenship Test.app */,
			);
			name = Products;
			sourceTree = "<group>";
		};
		9505ECB522819AD00065B2A3 /* Australian Citizenship Test */ = {
			isa = PBXGroup;
			children = (
				9518E08922F83E2600C62326 /* act.realm */,
				9505ECCD22819B080065B2A3 /* Controller */,
				9505ECCC22819AFE0065B2A3 /* View */,
				9505ECCB22819AF00065B2A3 /* Model */,
				950B8E5522A2444800575ABD /* SupportingFiles */,
				9505ECC522819AD20065B2A3 /* Info.plist */,
				9505ECBD22819AD00065B2A3 /* Australian_Citizenship_Test.xcdatamodeld */,
			);
			path = "Australian Citizenship Test";
			sourceTree = "<group>";
		};
		9505ECCB22819AF00065B2A3 /* Model */ = {
			isa = PBXGroup;
			children = (
				95AAC21B2286D48200FD39B2 /* ExamBank.swift */,
				953E802522A2BAEB00C7B2B1 /* Score.swift */,
				95051FC622D20F89007755BE /* Status.swift */,
			);
			path = Model;
			sourceTree = "<group>";
		};
		9505ECCC22819AFE0065B2A3 /* View */ = {
			isa = PBXGroup;
			children = (
				9505ECBA22819AD00065B2A3 /* Main.storyboard */,
				9505ECC222819AD20065B2A3 /* LaunchScreen.storyboard */,
			);
			path = View;
			sourceTree = "<group>";
		};
		9505ECCD22819B080065B2A3 /* Controller */ = {
			isa = PBXGroup;
			children = (
				9505ECB622819AD00065B2A3 /* AppDelegate.swift */,
				9505ECB822819AD00065B2A3 /* MainVC.swift */,
				9505ECCE22819DA10065B2A3 /* ExamVC.swift */,
				952B431922E43C4500AEDB23 /* CircularProgressView.swift */,
			);
			path = Controller;
			sourceTree = "<group>";
		};
		950B8E5522A2444800575ABD /* SupportingFiles */ = {
			isa = PBXGroup;
			children = (
				9505ECC022819AD20065B2A3 /* Assets.xcassets */,
			);
			path = SupportingFiles;
			sourceTree = "<group>";
		};
		BFA2895EBC718FBFECE2C7B9 /* Pods */ = {
			isa = PBXGroup;
			children = (
				7E345E3D222D7D8302D07C26 /* Pods-Australian Citizenship Test.debug.xcconfig */,
				087B02F4062A769BBF01AB31 /* Pods-Australian Citizenship Test.release.xcconfig */,
			);
			path = Pods;
			sourceTree = "<group>";
		};
		CE46102A4E4E042AC4049775 /* Frameworks */ = {
			isa = PBXGroup;
			children = (
				C694410F6BA093F75452EDBA /* Pods_Australian_Citizenship_Test.framework */,
			);
			name = Frameworks;
			sourceTree = "<group>";
		};
/* End PBXGroup section */

/* Begin PBXNativeTarget section */
		9505ECB222819AD00065B2A3 /* Australian Citizenship Test */ = {
			isa = PBXNativeTarget;
			buildConfigurationList = 9505ECC822819AD20065B2A3 /* Build configuration list for PBXNativeTarget "Australian Citizenship Test" */;
			buildPhases = (
				71DD9DD138DA688F725D4428 /* [CP] Check Pods Manifest.lock */,
				9505ECAF22819AD00065B2A3 /* Sources */,
				9505ECB022819AD00065B2A3 /* Frameworks */,
				9505ECB122819AD00065B2A3 /* Resources */,
				3EC2A3AD0E5D76DFA93A1C2B /* [CP] Embed Pods Frameworks */,
			);
			buildRules = (
			);
			dependencies = (
			);
			name = "Australian Citizenship Test";
			productName = "Australian Citizenship Test";
			productReference = 9505ECB322819AD00065B2A3 /* Australian Citizenship Test.app */;
			productType = "com.apple.product-type.application";
		};
/* End PBXNativeTarget section */

/* Begin PBXProject section */
		9505ECAB22819AD00065B2A3 /* Project object */ = {
			isa = PBXProject;
			attributes = {
				LastSwiftUpdateCheck = 1020;
				LastUpgradeCheck = 1020;
				ORGANIZATIONNAME = "Pichai Tangtrongsakundee";
				TargetAttributes = {
					9505ECB222819AD00065B2A3 = {
						CreatedOnToolsVersion = 10.2.1;
					};
				};
			};
			buildConfigurationList = 9505ECAE22819AD00065B2A3 /* Build configuration list for PBXProject "Australian Citizenship Test" */;
			compatibilityVersion = "Xcode 9.3";
			developmentRegion = en;
			hasScannedForEncodings = 0;
			knownRegions = (
				en,
				Base,
			);
			mainGroup = 9505ECAA22819AD00065B2A3;
			productRefGroup = 9505ECB422819AD00065B2A3 /* Products */;
			projectDirPath = "";
			projectRoot = "";
			targets = (
				9505ECB222819AD00065B2A3 /* Australian Citizenship Test */,
			);
		};
/* End PBXProject section */

/* Begin PBXResourcesBuildPhase section */
		9505ECB122819AD00065B2A3 /* Resources */ = {
			isa = PBXResourcesBuildPhase;
			buildActionMask = 2147483647;
			files = (
				9518E08A22F83E2700C62326 /* act.realm in Resources */,
				9505ECC422819AD20065B2A3 /* LaunchScreen.storyboard in Resources */,
				9505ECC122819AD20065B2A3 /* Assets.xcassets in Resources */,
				9505ECBC22819AD00065B2A3 /* Main.storyboard in Resources */,
			);
			runOnlyForDeploymentPostprocessing = 0;
		};
/* End PBXResourcesBuildPhase section */

/* Begin PBXShellScriptBuildPhase section */
		3EC2A3AD0E5D76DFA93A1C2B /* [CP] Embed Pods Frameworks */ = {
			isa = PBXShellScriptBuildPhase;
			buildActionMask = 2147483647;
			files = (
			);
			inputFileListPaths = (
			);
			inputPaths = (
				"${PODS_ROOT}/Target Support Files/Pods-Australian Citizenship Test/Pods-Australian Citizenship Test-frameworks.sh",
				"${BUILT_PRODUCTS_DIR}/ChameleonFramework/ChameleonFramework.framework",
				"${BUILT_PRODUCTS_DIR}/FontAwesome.swift/FontAwesome_swift.framework",
				"${BUILT_PRODUCTS_DIR}/KYCircularProgress/KYCircularProgress.framework",
				"${BUILT_PRODUCTS_DIR}/Realm/Realm.framework",
				"${BUILT_PRODUCTS_DIR}/RealmSwift/RealmSwift.framework",
				"${BUILT_PRODUCTS_DIR}/SVProgressHUD/SVProgressHUD.framework",
			);
			name = "[CP] Embed Pods Frameworks";
			outputFileListPaths = (
			);
			outputPaths = (
				"${TARGET_BUILD_DIR}/${FRAMEWORKS_FOLDER_PATH}/ChameleonFramework.framework",
				"${TARGET_BUILD_DIR}/${FRAMEWORKS_FOLDER_PATH}/FontAwesome_swift.framework",
				"${TARGET_BUILD_DIR}/${FRAMEWORKS_FOLDER_PATH}/KYCircularProgress.framework",
				"${TARGET_BUILD_DIR}/${FRAMEWORKS_FOLDER_PATH}/Realm.framework",
				"${TARGET_BUILD_DIR}/${FRAMEWORKS_FOLDER_PATH}/RealmSwift.framework",
				"${TARGET_BUILD_DIR}/${FRAMEWORKS_FOLDER_PATH}/SVProgressHUD.framework",
			);
			runOnlyForDeploymentPostprocessing = 0;
			shellPath = /bin/sh;
			shellScript = "\"${PODS_ROOT}/Target Support Files/Pods-Australian Citizenship Test/Pods-Australian Citizenship Test-frameworks.sh\"\n";
			showEnvVarsInLog = 0;
		};
		71DD9DD138DA688F725D4428 /* [CP] Check Pods Manifest.lock */ = {
			isa = PBXShellScriptBuildPhase;
			buildActionMask = 2147483647;
			files = (
			);
			inputFileListPaths = (
			);
			inputPaths = (
				"${PODS_PODFILE_DIR_PATH}/Podfile.lock",
				"${PODS_ROOT}/Manifest.lock",
			);
			name = "[CP] Check Pods Manifest.lock";
			outputFileListPaths = (
			);
			outputPaths = (
				"$(DERIVED_FILE_DIR)/Pods-Australian Citizenship Test-checkManifestLockResult.txt",
			);
			runOnlyForDeploymentPostprocessing = 0;
			shellPath = /bin/sh;
			shellScript = "diff \"${PODS_PODFILE_DIR_PATH}/Podfile.lock\" \"${PODS_ROOT}/Manifest.lock\" > /dev/null\nif [ $? != 0 ] ; then\n    # print error to STDERR\n    echo \"error: The sandbox is not in sync with the Podfile.lock. Run 'pod install' or update your CocoaPods installation.\" >&2\n    exit 1\nfi\n# This output is used by Xcode 'outputs' to avoid re-running this script phase.\necho \"SUCCESS\" > \"${SCRIPT_OUTPUT_FILE_0}\"\n";
			showEnvVarsInLog = 0;
		};
/* End PBXShellScriptBuildPhase section */

/* Begin PBXSourcesBuildPhase section */
		9505ECAF22819AD00065B2A3 /* Sources */ = {
			isa = PBXSourcesBuildPhase;
			buildActionMask = 2147483647;
			files = (
				9505ECB922819AD00065B2A3 /* MainVC.swift in Sources */,
				95AAC21C2286D48200FD39B2 /* ExamBank.swift in Sources */,
				952B431A22E43C4500AEDB23 /* CircularProgressView.swift in Sources */,
				95051FC722D20F89007755BE /* Status.swift in Sources */,
				9505ECB722819AD00065B2A3 /* AppDelegate.swift in Sources */,
				9505ECBF22819AD00065B2A3 /* Australian_Citizenship_Test.xcdatamodeld in Sources */,
				9505ECCF22819DA10065B2A3 /* ExamVC.swift in Sources */,
				953E802622A2BAEB00C7B2B1 /* Score.swift in Sources */,
			);
			runOnlyForDeploymentPostprocessing = 0;
		};
/* End PBXSourcesBuildPhase section */

/* Begin PBXVariantGroup section */
		9505ECBA22819AD00065B2A3 /* Main.storyboard */ = {
			isa = PBXVariantGroup;
			children = (
				9505ECBB22819AD00065B2A3 /* Base */,
			);
			name = Main.storyboard;
			sourceTree = "<group>";
		};
		9505ECC222819AD20065B2A3 /* LaunchScreen.storyboard */ = {
			isa = PBXVariantGroup;
			children = (
				9505ECC322819AD20065B2A3 /* Base */,
			);
			name = LaunchScreen.storyboard;
			sourceTree = "<group>";
		};
/* End PBXVariantGroup section */

/* Begin XCBuildConfiguration section */
		9505ECC622819AD20065B2A3 /* Debug */ = {
			isa = XCBuildConfiguration;
			buildSettings = {
				ALWAYS_SEARCH_USER_PATHS = NO;
				CLANG_ANALYZER_NONNULL = YES;
				CLANG_ANALYZER_NUMBER_OBJECT_CONVERSION = YES_AGGRESSIVE;
				CLANG_CXX_LANGUAGE_STANDARD = "gnu++14";
				CLANG_CXX_LIBRARY = "libc++";
				CLANG_ENABLE_MODULES = YES;
				CLANG_ENABLE_OBJC_ARC = YES;
				CLANG_ENABLE_OBJC_WEAK = YES;
				CLANG_WARN_BLOCK_CAPTURE_AUTORELEASING = YES;
				CLANG_WARN_BOOL_CONVERSION = YES;
				CLANG_WARN_COMMA = YES;
				CLANG_WARN_CONSTANT_CONVERSION = YES;
				CLANG_WARN_DEPRECATED_OBJC_IMPLEMENTATIONS = YES;
				CLANG_WARN_DIRECT_OBJC_ISA_USAGE = YES_ERROR;
				CLANG_WARN_DOCUMENTATION_COMMENTS = YES;
				CLANG_WARN_EMPTY_BODY = YES;
				CLANG_WARN_ENUM_CONVERSION = YES;
				CLANG_WARN_INFINITE_RECURSION = YES;
				CLANG_WARN_INT_CONVERSION = YES;
				CLANG_WARN_NON_LITERAL_NULL_CONVERSION = YES;
				CLANG_WARN_OBJC_IMPLICIT_RETAIN_SELF = YES;
				CLANG_WARN_OBJC_LITERAL_CONVERSION = YES;
				CLANG_WARN_OBJC_ROOT_CLASS = YES_ERROR;
				CLANG_WARN_RANGE_LOOP_ANALYSIS = YES;
				CLANG_WARN_STRICT_PROTOTYPES = YES;
				CLANG_WARN_SUSPICIOUS_MOVE = YES;
				CLANG_WARN_UNGUARDED_AVAILABILITY = YES_AGGRESSIVE;
				CLANG_WARN_UNREACHABLE_CODE = YES;
				CLANG_WARN__DUPLICATE_METHOD_MATCH = YES;
				CODE_SIGN_IDENTITY = "iPhone Developer";
				COPY_PHASE_STRIP = NO;
				DEBUG_INFORMATION_FORMAT = dwarf;
				ENABLE_STRICT_OBJC_MSGSEND = YES;
				ENABLE_TESTABILITY = YES;
				GCC_C_LANGUAGE_STANDARD = gnu11;
				GCC_DYNAMIC_NO_PIC = NO;
				GCC_NO_COMMON_BLOCKS = YES;
				GCC_OPTIMIZATION_LEVEL = 0;
				GCC_PREPROCESSOR_DEFINITIONS = (
					"DEBUG=1",
					"$(inherited)",
				);
				GCC_WARN_64_TO_32_BIT_CONVERSION = YES;
				GCC_WARN_ABOUT_RETURN_TYPE = YES_ERROR;
				GCC_WARN_UNDECLARED_SELECTOR = YES;
				GCC_WARN_UNINITIALIZED_AUTOS = YES_AGGRESSIVE;
				GCC_WARN_UNUSED_FUNCTION = YES;
				GCC_WARN_UNUSED_VARIABLE = YES;
				IPHONEOS_DEPLOYMENT_TARGET = 12.2;
				MTL_ENABLE_DEBUG_INFO = INCLUDE_SOURCE;
				MTL_FAST_MATH = YES;
				ONLY_ACTIVE_ARCH = YES;
				SDKROOT = iphoneos;
				SWIFT_ACTIVE_COMPILATION_CONDITIONS = DEBUG;
				SWIFT_OPTIMIZATION_LEVEL = "-Onone";
			};
			name = Debug;
		};
		9505ECC722819AD20065B2A3 /* Release */ = {
			isa = XCBuildConfiguration;
			buildSettings = {
				ALWAYS_SEARCH_USER_PATHS = NO;
				CLANG_ANALYZER_NONNULL = YES;
				CLANG_ANALYZER_NUMBER_OBJECT_CONVERSION = YES_AGGRESSIVE;
				CLANG_CXX_LANGUAGE_STANDARD = "gnu++14";
				CLANG_CXX_LIBRARY = "libc++";
				CLANG_ENABLE_MODULES = YES;
				CLANG_ENABLE_OBJC_ARC = YES;
				CLANG_ENABLE_OBJC_WEAK = YES;
				CLANG_WARN_BLOCK_CAPTURE_AUTORELEASING = YES;
				CLANG_WARN_BOOL_CONVERSION = YES;
				CLANG_WARN_COMMA = YES;
				CLANG_WARN_CONSTANT_CONVERSION = YES;
				CLANG_WARN_DEPRECATED_OBJC_IMPLEMENTATIONS = YES;
				CLANG_WARN_DIRECT_OBJC_ISA_USAGE = YES_ERROR;
				CLANG_WARN_DOCUMENTATION_COMMENTS = YES;
				CLANG_WARN_EMPTY_BODY = YES;
				CLANG_WARN_ENUM_CONVERSION = YES;
				CLANG_WARN_INFINITE_RECURSION = YES;
				CLANG_WARN_INT_CONVERSION = YES;
				CLANG_WARN_NON_LITERAL_NULL_CONVERSION = YES;
				CLANG_WARN_OBJC_IMPLICIT_RETAIN_SELF = YES;
				CLANG_WARN_OBJC_LITERAL_CONVERSION = YES;
				CLANG_WARN_OBJC_ROOT_CLASS = YES_ERROR;
				CLANG_WARN_RANGE_LOOP_ANALYSIS = YES;
				CLANG_WARN_STRICT_PROTOTYPES = YES;
				CLANG_WARN_SUSPICIOUS_MOVE = YES;
				CLANG_WARN_UNGUARDED_AVAILABILITY = YES_AGGRESSIVE;
				CLANG_WARN_UNREACHABLE_CODE = YES;
				CLANG_WARN__DUPLICATE_METHOD_MATCH = YES;
				CODE_SIGN_IDENTITY = "iPhone Developer";
				COPY_PHASE_STRIP = NO;
				DEBUG_INFORMATION_FORMAT = "dwarf-with-dsym";
				ENABLE_NS_ASSERTIONS = NO;
				ENABLE_STRICT_OBJC_MSGSEND = YES;
				GCC_C_LANGUAGE_STANDARD = gnu11;
				GCC_NO_COMMON_BLOCKS = YES;
				GCC_WARN_64_TO_32_BIT_CONVERSION = YES;
				GCC_WARN_ABOUT_RETURN_TYPE = YES_ERROR;
				GCC_WARN_UNDECLARED_SELECTOR = YES;
				GCC_WARN_UNINITIALIZED_AUTOS = YES_AGGRESSIVE;
				GCC_WARN_UNUSED_FUNCTION = YES;
				GCC_WARN_UNUSED_VARIABLE = YES;
				IPHONEOS_DEPLOYMENT_TARGET = 12.2;
				MTL_ENABLE_DEBUG_INFO = NO;
				MTL_FAST_MATH = YES;
				SDKROOT = iphoneos;
				SWIFT_COMPILATION_MODE = wholemodule;
				SWIFT_OPTIMIZATION_LEVEL = "-O";
				VALIDATE_PRODUCT = YES;
			};
			name = Release;
		};
		9505ECC922819AD20065B2A3 /* Debug */ = {
			isa = XCBuildConfiguration;
			baseConfigurationReference = 7E345E3D222D7D8302D07C26 /* Pods-Australian Citizenship Test.debug.xcconfig */;
			buildSettings = {
				ASSETCATALOG_COMPILER_APPICON_NAME = AppIcon;
				CODE_SIGN_STYLE = Automatic;
				DEVELOPMENT_TEAM = YYR4642KAL;
				INFOPLIST_FILE = "Australian Citizenship Test/Info.plist";
				LD_RUNPATH_SEARCH_PATHS = (
					"$(inherited)",
					"@executable_path/Frameworks",
				);
				PRODUCT_BUNDLE_IDENTIFIER = "com.pichai-t.Australian-Citizenship-Test";
				PRODUCT_NAME = "$(TARGET_NAME)";
				SWIFT_VERSION = 5.0;
				TARGETED_DEVICE_FAMILY = "1,2";
			};
			name = Debug;
		};
		9505ECCA22819AD20065B2A3 /* Release */ = {
			isa = XCBuildConfiguration;
			baseConfigurationReference = 087B02F4062A769BBF01AB31 /* Pods-Australian Citizenship Test.release.xcconfig */;
			buildSettings = {
				ASSETCATALOG_COMPILER_APPICON_NAME = AppIcon;
				CODE_SIGN_STYLE = Automatic;
				DEVELOPMENT_TEAM = YYR4642KAL;
				INFOPLIST_FILE = "Australian Citizenship Test/Info.plist";
				LD_RUNPATH_SEARCH_PATHS = (
					"$(inherited)",
					"@executable_path/Frameworks",
				);
				PRODUCT_BUNDLE_IDENTIFIER = "com.pichai-t.Australian-Citizenship-Test";
				PRODUCT_NAME = "$(TARGET_NAME)";
				SWIFT_VERSION = 5.0;
				TARGETED_DEVICE_FAMILY = "1,2";
			};
			name = Release;
		};
/* End XCBuildConfiguration section */

/* Begin XCConfigurationList section */
		9505ECAE22819AD00065B2A3 /* Build configuration list for PBXProject "Australian Citizenship Test" */ = {
			isa = XCConfigurationList;
			buildConfigurations = (
				9505ECC622819AD20065B2A3 /* Debug */,
				9505ECC722819AD20065B2A3 /* Release */,
			);
			defaultConfigurationIsVisible = 0;
			defaultConfigurationName = Release;
		};
		9505ECC822819AD20065B2A3 /* Build configuration list for PBXNativeTarget "Australian Citizenship Test" */ = {
			isa = XCConfigurationList;
			buildConfigurations = (
				9505ECC922819AD20065B2A3 /* Debug */,
				9505ECCA22819AD20065B2A3 /* Release */,
			);
			defaultConfigurationIsVisible = 0;
			defaultConfigurationName = Release;
		};
/* End XCConfigurationList section */

/* Begin XCVersionGroup section */
		9505ECBD22819AD00065B2A3 /* Australian_Citizenship_Test.xcdatamodeld */ = {
			isa = XCVersionGroup;
			children = (
				9505ECBE22819AD00065B2A3 /* Australian_Citizenship_Test.xcdatamodel */,
			);
			currentVersion = 9505ECBE22819AD00065B2A3 /* Australian_Citizenship_Test.xcdatamodel */;
			path = Australian_Citizenship_Test.xcdatamodeld;
			sourceTree = "<group>";
			versionGroupType = wrapper.xcdatamodel;
		};
/* End XCVersionGroup section */
	};
	rootObject = 9505ECAB22819AD00065B2A3 /* Project object */;
}
